// !$*UTF8*$!
{
	archiveVersion = 1;
	classes = {
	};
	objectVersion = 50;
	objects = {

/* Begin PBXBuildFile section */
		895E7278270BE37F0081BBDB /* AppDelegate.swift in Sources */ = {isa = PBXBuildFile; fileRef = 895E7277270BE37F0081BBDB /* AppDelegate.swift */; };
		895E727A270BE37F0081BBDB /* SceneDelegate.swift in Sources */ = {isa = PBXBuildFile; fileRef = 895E7279270BE37F0081BBDB /* SceneDelegate.swift */; };
		895E727C270BE37F0081BBDB /* ViewController.swift in Sources */ = {isa = PBXBuildFile; fileRef = 895E727B270BE37F0081BBDB /* ViewController.swift */; };
		895E727F270BE37F0081BBDB /* Main.storyboard in Resources */ = {isa = PBXBuildFile; fileRef = 895E727D270BE37F0081BBDB /* Main.storyboard */; };
		895E7281270BE3880081BBDB /* Assets.xcassets in Resources */ = {isa = PBXBuildFile; fileRef = 895E7280270BE3880081BBDB /* Assets.xcassets */; };
		895E7284270BE3880081BBDB /* LaunchScreen.storyboard in Resources */ = {isa = PBXBuildFile; fileRef = 895E7282270BE3880081BBDB /* LaunchScreen.storyboard */; };
		895E728C270BE40C0081BBDB /* PreventHidingByKeyboardButton.swift in Sources */ = {isa = PBXBuildFile; fileRef = 895E728B270BE40C0081BBDB /* PreventHidingByKeyboardButton.swift */; };
/* End PBXBuildFile section */

/* Begin PBXFileReference section */
		895E7274270BE37F0081BBDB /* PreventHidingByKeyboardButton.app */ = {isa = PBXFileReference; explicitFileType = wrapper.application; includeInIndex = 0; path = PreventHidingByKeyboardButton.app; sourceTree = BUILT_PRODUCTS_DIR; };
		895E7277270BE37F0081BBDB /* AppDelegate.swift */ = {isa = PBXFileReference; lastKnownFileType = sourcecode.swift; path = AppDelegate.swift; sourceTree = "<group>"; };
		895E7279270BE37F0081BBDB /* SceneDelegate.swift */ = {isa = PBXFileReference; lastKnownFileType = sourcecode.swift; path = SceneDelegate.swift; sourceTree = "<group>"; };
		895E727B270BE37F0081BBDB /* ViewController.swift */ = {isa = PBXFileReference; lastKnownFileType = sourcecode.swift; path = ViewController.swift; sourceTree = "<group>"; };
		895E727E270BE37F0081BBDB /* Base */ = {isa = PBXFileReference; lastKnownFileType = file.storyboard; name = Base; path = Base.lproj/Main.storyboard; sourceTree = "<group>"; };
		895E7280270BE3880081BBDB /* Assets.xcassets */ = {isa = PBXFileReference; lastKnownFileType = folder.assetcatalog; path = Assets.xcassets; sourceTree = "<group>"; };
		895E7283270BE3880081BBDB /* Base */ = {isa = PBXFileReference; lastKnownFileType = file.storyboard; name = Base; path = Base.lproj/LaunchScreen.storyboard; sourceTree = "<group>"; };
		895E7285270BE3880081BBDB /* Info.plist */ = {isa = PBXFileReference; lastKnownFileType = text.plist.xml; path = Info.plist; sourceTree = "<group>"; };
		895E728B270BE40C0081BBDB /* PreventHidingByKeyboardButton.swift */ = {isa = PBXFileReference; lastKnownFileType = sourcecode.swift; path = PreventHidingByKeyboardButton.swift; sourceTree = "<group>"; };
/* End PBXFileReference section */

/* Begin PBXFrameworksBuildPhase section */
		895E7271270BE37F0081BBDB /* Frameworks */ = {
			isa = PBXFrameworksBuildPhase;
			buildActionMask = 2147483647;
			files = (
			);
			runOnlyForDeploymentPostprocessing = 0;
		};
/* End PBXFrameworksBuildPhase section */

/* Begin PBXGroup section */
		895E726B270BE37F0081BBDB = {
			isa = PBXGroup;
			children = (
				895E7276270BE37F0081BBDB /* PreventHidingByKeyboardButton */,
				895E7275270BE37F0081BBDB /* Products */,
			);
			sourceTree = "<group>";
		};
		895E7275270BE37F0081BBDB /* Products */ = {
			isa = PBXGroup;
			children = (
				895E7274270BE37F0081BBDB /* PreventHidingByKeyboardButton.app */,
			);
			name = Products;
			sourceTree = "<group>";
		};
		895E7276270BE37F0081BBDB /* PreventHidingByKeyboardButton */ = {
			isa = PBXGroup;
			children = (
				895E7277270BE37F0081BBDB /* AppDelegate.swift */,
				895E7279270BE37F0081BBDB /* SceneDelegate.swift */,
				895E727B270BE37F0081BBDB /* ViewController.swift */,
				895E727D270BE37F0081BBDB /* Main.storyboard */,
				895E7280270BE3880081BBDB /* Assets.xcassets */,
				895E7282270BE3880081BBDB /* LaunchScreen.storyboard */,
				895E7285270BE3880081BBDB /* Info.plist */,
				895E728B270BE40C0081BBDB /* PreventHidingByKeyboardButton.swift */,
			);
			path = PreventHidingByKeyboardButton;
			sourceTree = "<group>";
		};
/* End PBXGroup section */

/* Begin PBXNativeTarget section */
		895E7273270BE37F0081BBDB /* PreventHidingByKeyboardButton */ = {
			isa = PBXNativeTarget;
			buildConfigurationList = 895E7288270BE3880081BBDB /* Build configuration list for PBXNativeTarget "PreventHidingByKeyboardButton" */;
			buildPhases = (
				895E7270270BE37F0081BBDB /* Sources */,
				895E7271270BE37F0081BBDB /* Frameworks */,
				895E7272270BE37F0081BBDB /* Resources */,
			);
			buildRules = (
			);
			dependencies = (
			);
			name = PreventHidingByKeyboardButton;
			productName = PreventHidingByKeyboardButton;
			productReference = 895E7274270BE37F0081BBDB /* PreventHidingByKeyboardButton.app */;
			productType = "com.apple.product-type.application";
		};
/* End PBXNativeTarget section */

/* Begin PBXProject section */
		895E726C270BE37F0081BBDB /* Project object */ = {
			isa = PBXProject;
			attributes = {
				LastSwiftUpdateCheck = 1250;
				LastUpgradeCheck = 1250;
				TargetAttributes = {
					895E7273270BE37F0081BBDB = {
						CreatedOnToolsVersion = 12.5.1;
					};
				};
			};
			buildConfigurationList = 895E726F270BE37F0081BBDB /* Build configuration list for PBXProject "PreventHidingByKeyboardButton" */;
			compatibilityVersion = "Xcode 9.3";
			developmentRegion = en;
			hasScannedForEncodings = 0;
			knownRegions = (
				en,
				Base,
			);
			mainGroup = 895E726B270BE37F0081BBDB;
			productRefGroup = 895E7275270BE37F0081BBDB /* Products */;
			projectDirPath = "";
			projectRoot = "";
			targets = (
				895E7273270BE37F0081BBDB /* PreventHidingByKeyboardButton */,
			);
		};
/* End PBXProject section */

/* Begin PBXResourcesBuildPhase section */
		895E7272270BE37F0081BBDB /* Resources */ = {
			isa = PBXResourcesBuildPhase;
			buildActionMask = 2147483647;
			files = (
				895E7284270BE3880081BBDB /* LaunchScreen.storyboard in Resources */,
				895E7281270BE3880081BBDB /* Assets.xcassets in Resources */,
				895E727F270BE37F0081BBDB /* Main.storyboard in Resources */,
			);
			runOnlyForDeploymentPostprocessing = 0;
		};
/* End PBXResourcesBuildPhase section */

/* Begin PBXSourcesBuildPhase section */
		895E7270270BE37F0081BBDB /* Sources */ = {
			isa = PBXSourcesBuildPhase;
			buildActionMask = 2147483647;
			files = (
				895E727C270BE37F0081BBDB /* ViewController.swift in Sources */,
				895E728C270BE40C0081BBDB /* PreventHidingByKeyboardButton.swift in Sources */,
				895E7278270BE37F0081BBDB /* AppDelegate.swift in Sources */,
				895E727A270BE37F0081BBDB /* SceneDelegate.swift in Sources */,
			);
			runOnlyForDeploymentPostprocessing = 0;
		};
/* End PBXSourcesBuildPhase section */

/* Begin PBXVariantGroup section */
		895E727D270BE37F0081BBDB /* Main.storyboard */ = {
			isa = PBXVariantGroup;
			children = (
				895E727E270BE37F0081BBDB /* Base */,
			);
			name = Main.storyboard;
			sourceTree = "<group>";
		};
		895E7282270BE3880081BBDB /* LaunchScreen.storyboard */ = {
			isa = PBXVariantGroup;
			children = (
				895E7283270BE3880081BBDB /* Base */,
			);
			name = LaunchScreen.storyboard;
			sourceTree = "<group>";
		};
/* End PBXVariantGroup section */

/* Begin XCBuildConfiguration section */
		895E7286270BE3880081BBDB /* Debug */ = {
			isa = XCBuildConfiguration;
			buildSettings = {
				ALWAYS_SEARCH_USER_PATHS = NO;
				CLANG_ANALYZER_NONNULL = YES;
				CLANG_ANALYZER_NUMBER_OBJECT_CONVERSION = YES_AGGRESSIVE;
				CLANG_CXX_LANGUAGE_STANDARD = "gnu++14";
				CLANG_CXX_LIBRARY = "libc++";
				CLANG_ENABLE_MODULES = YES;
				CLANG_ENABLE_OBJC_ARC = YES;
				CLANG_ENABLE_OBJC_WEAK = YES;
				CLANG_WARN_BLOCK_CAPTURE_AUTORELEASING = YES;
				CLANG_WARN_BOOL_CONVERSION = YES;
				CLANG_WARN_COMMA = YES;
				CLANG_WARN_CONSTANT_CONVERSION = YES;
				CLANG_WARN_DEPRECATED_OBJC_IMPLEMENTATIONS = YES;
				CLANG_WARN_DIRECT_OBJC_ISA_USAGE = YES_ERROR;
				CLANG_WARN_DOCUMENTATION_COMMENTS = YES;
				CLANG_WARN_EMPTY_BODY = YES;
				CLANG_WARN_ENUM_CONVERSION = YES;
				CLANG_WARN_INFINITE_RECURSION = YES;
				CLANG_WARN_INT_CONVERSION = YES;
				CLANG_WARN_NON_LITERAL_NULL_CONVERSION = YES;
				CLANG_WARN_OBJC_IMPLICIT_RETAIN_SELF = YES;
				CLANG_WARN_OBJC_LITERAL_CONVERSION = YES;
				CLANG_WARN_OBJC_ROOT_CLASS = YES_ERROR;
				CLANG_WARN_QUOTED_INCLUDE_IN_FRAMEWORK_HEADER = YES;
				CLANG_WARN_RANGE_LOOP_ANALYSIS = YES;
				CLANG_WARN_STRICT_PROTOTYPES = YES;
				CLANG_WARN_SUSPICIOUS_MOVE = YES;
				CLANG_WARN_UNGUARDED_AVAILABILITY = YES_AGGRESSIVE;
				CLANG_WARN_UNREACHABLE_CODE = YES;
				CLANG_WARN__DUPLICATE_METHOD_MATCH = YES;
				COPY_PHASE_STRIP = NO;
				DEBUG_INFORMATION_FORMAT = dwarf;
				ENABLE_STRICT_OBJC_MSGSEND = YES;
				ENABLE_TESTABILITY = YES;
				GCC_C_LANGUAGE_STANDARD = gnu11;
				GCC_DYNAMIC_NO_PIC = NO;
				GCC_NO_COMMON_BLOCKS = YES;
				GCC_OPTIMIZATION_LEVEL = 0;
				GCC_PREPROCESSOR_DEFINITIONS = (
					"DEBUG=1",
					"$(inherited)",
				);
				GCC_WARN_64_TO_32_BIT_CONVERSION = YES;
				GCC_WARN_ABOUT_RETURN_TYPE = YES_ERROR;
				GCC_WARN_UNDECLARED_SELECTOR = YES;
				GCC_WARN_UNINITIALIZED_AUTOS = YES_AGGRESSIVE;
				GCC_WARN_UNUSED_FUNCTION = YES;
				GCC_WARN_UNUSED_VARIABLE = YES;
				IPHONEOS_DEPLOYMENT_TARGET = 14.5;
				MTL_ENABLE_DEBUG_INFO = INCLUDE_SOURCE;
				MTL_FAST_MATH = YES;
				ONLY_ACTIVE_ARCH = YES;
				SDKROOT = iphoneos;
				SWIFT_ACTIVE_COMPILATION_CONDITIONS = DEBUG;
				SWIFT_OPTIMIZATION_LEVEL = "-Onone";
			};
			name = Debug;
		};
		895E7287270BE3880081BBDB /* Release */ = {
			isa = XCBuildConfiguration;
			buildSettings = {
				ALWAYS_SEARCH_USER_PATHS = NO;
				CLANG_ANALYZER_NONNULL = YES;
				CLANG_ANALYZER_NUMBER_OBJECT_CONVERSION = YES_AGGRESSIVE;
				CLANG_CXX_LANGUAGE_STANDARD = "gnu++14";
				CLANG_CXX_LIBRARY = "libc++";
				CLANG_ENABLE_MODULES = YES;
				CLANG_ENABLE_OBJC_ARC = YES;
				CLANG_ENABLE_OBJC_WEAK = YES;
				CLANG_WARN_BLOCK_CAPTURE_AUTORELEASING = YES;
				CLANG_WARN_BOOL_CONVERSION = YES;
				CLANG_WARN_COMMA = YES;
				CLANG_WARN_CONSTANT_CONVERSION = YES;
				CLANG_WARN_DEPRECATED_OBJC_IMPLEMENTATIONS = YES;
				CLANG_WARN_DIRECT_OBJC_ISA_USAGE = YES_ERROR;
				CLANG_WARN_DOCUMENTATION_COMMENTS = YES;
				CLANG_WARN_EMPTY_BODY = YES;
				CLANG_WARN_ENUM_CONVERSION = YES;
				CLANG_WARN_INFINITE_RECURSION = YES;
				CLANG_WARN_INT_CONVERSION = YES;
				CLANG_WARN_NON_LITERAL_NULL_CONVERSION = YES;
				CLANG_WARN_OBJC_IMPLICIT_RETAIN_SELF = YES;
				CLANG_WARN_OBJC_LITERAL_CONVERSION = YES;
				CLANG_WARN_OBJC_ROOT_CLASS = YES_ERROR;
				CLANG_WARN_QUOTED_INCLUDE_IN_FRAMEWORK_HEADER = YES;
				CLANG_WARN_RANGE_LOOP_ANALYSIS = YES;
				CLANG_WARN_STRICT_PROTOTYPES = YES;
				CLANG_WARN_SUSPICIOUS_MOVE = YES;
				CLANG_WARN_UNGUARDED_AVAILABILITY = YES_AGGRESSIVE;
				CLANG_WARN_UNREACHABLE_CODE = YES;
				CLANG_WARN__DUPLICATE_METHOD_MATCH = YES;
				COPY_PHASE_STRIP = NO;
				DEBUG_INFORMATION_FORMAT = "dwarf-with-dsym";
				ENABLE_NS_ASSERTIONS = NO;
				ENABLE_STRICT_OBJC_MSGSEND = YES;
				GCC_C_LANGUAGE_STANDARD = gnu11;
				GCC_NO_COMMON_BLOCKS = YES;
				GCC_WARN_64_TO_32_BIT_CONVERSION = YES;
				GCC_WARN_ABOUT_RETURN_TYPE = YES_ERROR;
				GCC_WARN_UNDECLARED_SELECTOR = YES;
				GCC_WARN_UNINITIALIZED_AUTOS = YES_AGGRESSIVE;
				GCC_WARN_UNUSED_FUNCTION = YES;
				GCC_WARN_UNUSED_VARIABLE = YES;
				IPHONEOS_DEPLOYMENT_TARGET = 14.5;
				MTL_ENABLE_DEBUG_INFO = NO;
				MTL_FAST_MATH = YES;
				SDKROOT = iphoneos;
				SWIFT_COMPILATION_MODE = wholemodule;
				SWIFT_OPTIMIZATION_LEVEL = "-O";
				VALIDATE_PRODUCT = YES;
			};
			name = Release;
		};
		895E7289270BE3880081BBDB /* Debug */ = {
			isa = XCBuildConfiguration;
			buildSettings = {
				ASSETCATALOG_COMPILER_APPICON_NAME = AppIcon;
				ASSETCATALOG_COMPILER_GLOBAL_ACCENT_COLOR_NAME = AccentColor;
				CODE_SIGN_STYLE = Automatic;
				DEVELOPMENT_TEAM = TG22ZHQ59G;
				INFOPLIST_FILE = PreventHidingByKeyboardButton/Info.plist;
				LD_RUNPATH_SEARCH_PATHS = (
					"$(inherited)",
					"@executable_path/Frameworks",
				);
				PRODUCT_BUNDLE_IDENTIFIER = jbK.PreventHidingByKeyboardButton;
				PRODUCT_NAME = "$(TARGET_NAME)";
				SWIFT_VERSION = 5.0;
				TARGETED_DEVICE_FAMILY = "1,2";
			};
			name = Debug;
		};
		895E728A270BE3880081BBDB /* Release */ = {
			isa = XCBuildConfiguration;
			buildSettings = {
				ASSETCATALOG_COMPILER_APPICON_NAME = AppIcon;
				ASSETCATALOG_COMPILER_GLOBAL_ACCENT_COLOR_NAME = AccentColor;
				CODE_SIGN_STYLE = Automatic;
				DEVELOPMENT_TEAM = TG22ZHQ59G;
				INFOPLIST_FILE = PreventHidingByKeyboardButton/Info.plist;
				LD_RUNPATH_SEARCH_PATHS = (
					"$(inherited)",
					"@executable_path/Frameworks",
				);
				PRODUCT_BUNDLE_IDENTIFIER = jbK.PreventHidingByKeyboardButton;
				PRODUCT_NAME = "$(TARGET_NAME)";
				SWIFT_VERSION = 5.0;
				TARGETED_DEVICE_FAMILY = "1,2";
			};
			name = Release;
		};
/* End XCBuildConfiguration section */

/* Begin XCConfigurationList section */
		895E726F270BE37F0081BBDB /* Build configuration list for PBXProject "PreventHidingByKeyboardButton" */ = {
			isa = XCConfigurationList;
			buildConfigurations = (
				895E7286270BE3880081BBDB /* Debug */,
				895E7287270BE3880081BBDB /* Release */,
			);
			defaultConfigurationIsVisible = 0;
			defaultConfigurationName = Release;
		};
		895E7288270BE3880081BBDB /* Build configuration list for PBXNativeTarget "PreventHidingByKeyboardButton" */ = {
			isa = XCConfigurationList;
			buildConfigurations = (
				895E7289270BE3880081BBDB /* Debug */,
				895E728A270BE3880081BBDB /* Release */,
			);
			defaultConfigurationIsVisible = 0;
			defaultConfigurationName = Release;
		};
/* End XCConfigurationList section */
	};
	rootObject = 895E726C270BE37F0081BBDB /* Project object */;
}
